# This file is automatically @generated by Poetry 1.4.2 and should not be changed by hand.

[[package]]
name = "black"
version = "23.7.0"
description = "The uncompromising code formatter."
category = "dev"
optional = false
python-versions = ">=3.8"
files = [
    {file = "black-23.7.0-cp310-cp310-macosx_10_16_arm64.whl", hash = "sha256:5c4bc552ab52f6c1c506ccae05681fab58c3f72d59ae6e6639e8885e94fe2587"},
    {file = "black-23.7.0-cp310-cp310-macosx_10_16_universal2.whl", hash = "sha256:552513d5cd5694590d7ef6f46e1767a4df9af168d449ff767b13b084c020e63f"},
    {file = "black-23.7.0-cp310-cp310-macosx_10_16_x86_64.whl", hash = "sha256:86cee259349b4448adb4ef9b204bb4467aae74a386bce85d56ba4f5dc0da27be"},
    {file = "black-23.7.0-cp310-cp310-manylinux_2_17_x86_64.manylinux2014_x86_64.whl", hash = "sha256:501387a9edcb75d7ae8a4412bb8749900386eaef258f1aefab18adddea1936bc"},
    {file = "black-23.7.0-cp310-cp310-win_amd64.whl", hash = "sha256:fb074d8b213749fa1d077d630db0d5f8cc3b2ae63587ad4116e8a436e9bbe995"},
    {file = "black-23.7.0-cp311-cp311-macosx_10_16_arm64.whl", hash = "sha256:b5b0ee6d96b345a8b420100b7d71ebfdd19fab5e8301aff48ec270042cd40ac2"},
    {file = "black-23.7.0-cp311-cp311-macosx_10_16_universal2.whl", hash = "sha256:893695a76b140881531062d48476ebe4a48f5d1e9388177e175d76234ca247cd"},
    {file = "black-23.7.0-cp311-cp311-macosx_10_16_x86_64.whl", hash = "sha256:c333286dc3ddca6fdff74670b911cccedacb4ef0a60b34e491b8a67c833b343a"},
    {file = "black-23.7.0-cp311-cp311-manylinux_2_17_x86_64.manylinux2014_x86_64.whl", hash = "sha256:831d8f54c3a8c8cf55f64d0422ee875eecac26f5f649fb6c1df65316b67c8926"},
    {file = "black-23.7.0-cp311-cp311-win_amd64.whl", hash = "sha256:7f3bf2dec7d541b4619b8ce526bda74a6b0bffc480a163fed32eb8b3c9aed8ad"},
    {file = "black-23.7.0-cp38-cp38-macosx_10_16_arm64.whl", hash = "sha256:f9062af71c59c004cd519e2fb8f5d25d39e46d3af011b41ab43b9c74e27e236f"},
    {file = "black-23.7.0-cp38-cp38-macosx_10_16_universal2.whl", hash = "sha256:01ede61aac8c154b55f35301fac3e730baf0c9cf8120f65a9cd61a81cfb4a0c3"},
    {file = "black-23.7.0-cp38-cp38-macosx_10_16_x86_64.whl", hash = "sha256:327a8c2550ddc573b51e2c352adb88143464bb9d92c10416feb86b0f5aee5ff6"},
    {file = "black-23.7.0-cp38-cp38-manylinux_2_17_x86_64.manylinux2014_x86_64.whl", hash = "sha256:6d1c6022b86f83b632d06f2b02774134def5d4d4f1dac8bef16d90cda18ba28a"},
    {file = "black-23.7.0-cp38-cp38-win_amd64.whl", hash = "sha256:27eb7a0c71604d5de083757fbdb245b1a4fae60e9596514c6ec497eb63f95320"},
    {file = "black-23.7.0-cp39-cp39-macosx_10_16_arm64.whl", hash = "sha256:8417dbd2f57b5701492cd46edcecc4f9208dc75529bcf76c514864e48da867d9"},
    {file = "black-23.7.0-cp39-cp39-macosx_10_16_universal2.whl", hash = "sha256:47e56d83aad53ca140da0af87678fb38e44fd6bc0af71eebab2d1f59b1acf1d3"},
    {file = "black-23.7.0-cp39-cp39-macosx_10_16_x86_64.whl", hash = "sha256:25cc308838fe71f7065df53aedd20327969d05671bac95b38fdf37ebe70ac087"},
    {file = "black-23.7.0-cp39-cp39-manylinux_2_17_x86_64.manylinux2014_x86_64.whl", hash = "sha256:642496b675095d423f9b8448243336f8ec71c9d4d57ec17bf795b67f08132a91"},
    {file = "black-23.7.0-cp39-cp39-win_amd64.whl", hash = "sha256:ad0014efc7acf0bd745792bd0d8857413652979200ab924fbf239062adc12491"},
    {file = "black-23.7.0-py3-none-any.whl", hash = "sha256:9fd59d418c60c0348505f2ddf9609c1e1de8e7493eab96198fc89d9f865e7a96"},
    {file = "black-23.7.0.tar.gz", hash = "sha256:022a582720b0d9480ed82576c920a8c1dde97cc38ff11d8d8859b3bd6ca9eedb"},
]

[package.dependencies]
click = ">=8.0.0"
mypy-extensions = ">=0.4.3"
packaging = ">=22.0"
pathspec = ">=0.9.0"
platformdirs = ">=2"

[package.extras]
colorama = ["colorama (>=0.4.3)"]
d = ["aiohttp (>=3.7.4)"]
jupyter = ["ipython (>=7.8.0)", "tokenize-rt (>=3.2.0)"]
uvloop = ["uvloop (>=0.15.2)"]

[[package]]
name = "click"
version = "8.1.7"
description = "Composable command line interface toolkit"
category = "dev"
optional = false
python-versions = ">=3.7"
files = [
    {file = "click-8.1.7-py3-none-any.whl", hash = "sha256:ae74fb96c20a0277a1d615f1e4d73c8414f5a98db8b799a7931d1582f3390c28"},
    {file = "click-8.1.7.tar.gz", hash = "sha256:ca9853ad459e787e2192211578cc907e7594e294c7ccc834310722b41b9ca6de"},
]

[package.dependencies]
colorama = {version = "*", markers = "platform_system == \"Windows\""}

[[package]]
name = "colorama"
version = "0.4.6"
description = "Cross-platform colored terminal text."
category = "dev"
optional = false
python-versions = "!=3.0.*,!=3.1.*,!=3.2.*,!=3.3.*,!=3.4.*,!=3.5.*,!=3.6.*,>=2.7"
files = [
    {file = "colorama-0.4.6-py2.py3-none-any.whl", hash = "sha256:4f1d9991f5acc0ca119f9d443620b77f9d6b33703e51011c16baf57afb285fc6"},
    {file = "colorama-0.4.6.tar.gz", hash = "sha256:08695f5cb7ed6e0531a20572697297273c47b8cae5a63ffc6d6ed5c201be6e44"},
]

[[package]]
name = "grpcio"
version = "1.57.0"
description = "HTTP/2-based RPC framework"
category = "main"
optional = false
python-versions = ">=3.7"
files = [
    {file = "grpcio-1.57.0-cp310-cp310-linux_armv7l.whl", hash = "sha256:092fa155b945015754bdf988be47793c377b52b88d546e45c6a9f9579ac7f7b6"},
    {file = "grpcio-1.57.0-cp310-cp310-macosx_12_0_universal2.whl", hash = "sha256:2f7349786da979a94690cc5c2b804cab4e8774a3cf59be40d037c4342c906649"},
    {file = "grpcio-1.57.0-cp310-cp310-manylinux_2_17_aarch64.whl", hash = "sha256:82640e57fb86ea1d71ea9ab54f7e942502cf98a429a200b2e743d8672171734f"},
    {file = "grpcio-1.57.0-cp310-cp310-manylinux_2_17_i686.manylinux2014_i686.whl", hash = "sha256:40b72effd4c789de94ce1be2b5f88d7b9b5f7379fe9645f198854112a6567d9a"},
    {file = "grpcio-1.57.0-cp310-cp310-manylinux_2_17_x86_64.manylinux2014_x86_64.whl", hash = "sha256:2f708a6a17868ad8bf586598bee69abded4996b18adf26fd2d91191383b79019"},
    {file = "grpcio-1.57.0-cp310-cp310-musllinux_1_1_i686.whl", hash = "sha256:60fe15288a0a65d5c1cb5b4a62b1850d07336e3ba728257a810317be14f0c527"},
    {file = "grpcio-1.57.0-cp310-cp310-musllinux_1_1_x86_64.whl", hash = "sha256:6907b1cf8bb29b058081d2aad677b15757a44ef2d4d8d9130271d2ad5e33efca"},
    {file = "grpcio-1.57.0-cp310-cp310-win32.whl", hash = "sha256:57b183e8b252825c4dd29114d6c13559be95387aafc10a7be645462a0fc98bbb"},
    {file = "grpcio-1.57.0-cp310-cp310-win_amd64.whl", hash = "sha256:7b400807fa749a9eb286e2cd893e501b110b4d356a218426cb9c825a0474ca56"},
    {file = "grpcio-1.57.0-cp311-cp311-linux_armv7l.whl", hash = "sha256:c6ebecfb7a31385393203eb04ed8b6a08f5002f53df3d59e5e795edb80999652"},
    {file = "grpcio-1.57.0-cp311-cp311-macosx_10_10_universal2.whl", hash = "sha256:00258cbe3f5188629828363ae8ff78477ce976a6f63fb2bb5e90088396faa82e"},
    {file = "grpcio-1.57.0-cp311-cp311-manylinux_2_17_aarch64.whl", hash = "sha256:23e7d8849a0e58b806253fd206ac105b328171e01b8f18c7d5922274958cc87e"},
    {file = "grpcio-1.57.0-cp311-cp311-manylinux_2_17_i686.manylinux2014_i686.whl", hash = "sha256:5371bcd861e679d63b8274f73ac281751d34bd54eccdbfcd6aa00e692a82cd7b"},
    {file = "grpcio-1.57.0-cp311-cp311-manylinux_2_17_x86_64.manylinux2014_x86_64.whl", hash = "sha256:aed90d93b731929e742967e236f842a4a2174dc5db077c8f9ad2c5996f89f63e"},
    {file = "grpcio-1.57.0-cp311-cp311-musllinux_1_1_i686.whl", hash = "sha256:fe752639919aad9ffb0dee0d87f29a6467d1ef764f13c4644d212a9a853a078d"},
    {file = "grpcio-1.57.0-cp311-cp311-musllinux_1_1_x86_64.whl", hash = "sha256:fada6b07ec4f0befe05218181f4b85176f11d531911b64c715d1875c4736d73a"},
    {file = "grpcio-1.57.0-cp311-cp311-win32.whl", hash = "sha256:bb396952cfa7ad2f01061fbc7dc1ad91dd9d69243bcb8110cf4e36924785a0fe"},
    {file = "grpcio-1.57.0-cp311-cp311-win_amd64.whl", hash = "sha256:e503cb45ed12b924b5b988ba9576dc9949b2f5283b8e33b21dcb6be74a7c58d0"},
    {file = "grpcio-1.57.0-cp37-cp37m-linux_armv7l.whl", hash = "sha256:fd173b4cf02b20f60860dc2ffe30115c18972d7d6d2d69df97ac38dee03be5bf"},
    {file = "grpcio-1.57.0-cp37-cp37m-macosx_10_10_universal2.whl", hash = "sha256:d7f8df114d6b4cf5a916b98389aeaf1e3132035420a88beea4e3d977e5f267a5"},
    {file = "grpcio-1.57.0-cp37-cp37m-manylinux_2_17_aarch64.whl", hash = "sha256:76c44efa4ede1f42a9d5b2fed1fe9377e73a109bef8675fb0728eb80b0b8e8f2"},
    {file = "grpcio-1.57.0-cp37-cp37m-manylinux_2_17_i686.manylinux2014_i686.whl", hash = "sha256:4faea2cfdf762a664ab90589b66f416274887641ae17817de510b8178356bf73"},
    {file = "grpcio-1.57.0-cp37-cp37m-manylinux_2_17_x86_64.manylinux2014_x86_64.whl", hash = "sha256:c60b83c43faeb6d0a9831f0351d7787a0753f5087cc6fa218d78fdf38e5acef0"},
    {file = "grpcio-1.57.0-cp37-cp37m-musllinux_1_1_i686.whl", hash = "sha256:b363bbb5253e5f9c23d8a0a034dfdf1b7c9e7f12e602fc788c435171e96daccc"},
    {file = "grpcio-1.57.0-cp37-cp37m-musllinux_1_1_x86_64.whl", hash = "sha256:f1fb0fd4a1e9b11ac21c30c169d169ef434c6e9344ee0ab27cfa6f605f6387b2"},
    {file = "grpcio-1.57.0-cp37-cp37m-win_amd64.whl", hash = "sha256:34950353539e7d93f61c6796a007c705d663f3be41166358e3d88c45760c7d98"},
    {file = "grpcio-1.57.0-cp38-cp38-linux_armv7l.whl", hash = "sha256:871f9999e0211f9551f368612460442a5436d9444606184652117d6a688c9f51"},
    {file = "grpcio-1.57.0-cp38-cp38-macosx_10_10_universal2.whl", hash = "sha256:a8a8e560e8dbbdf29288872e91efd22af71e88b0e5736b0daf7773c1fecd99f0"},
    {file = "grpcio-1.57.0-cp38-cp38-manylinux_2_17_aarch64.whl", hash = "sha256:2313b124e475aa9017a9844bdc5eafb2d5abdda9d456af16fc4535408c7d6da6"},
    {file = "grpcio-1.57.0-cp38-cp38-manylinux_2_17_i686.manylinux2014_i686.whl", hash = "sha256:b4098b6b638d9e0ca839a81656a2fd4bc26c9486ea707e8b1437d6f9d61c3941"},
    {file = "grpcio-1.57.0-cp38-cp38-manylinux_2_17_x86_64.manylinux2014_x86_64.whl", hash = "sha256:5e5b58e32ae14658085c16986d11e99abd002ddbf51c8daae8a0671fffb3467f"},
    {file = "grpcio-1.57.0-cp38-cp38-musllinux_1_1_i686.whl", hash = "sha256:0f80bf37f09e1caba6a8063e56e2b87fa335add314cf2b78ebf7cb45aa7e3d06"},
    {file = "grpcio-1.57.0-cp38-cp38-musllinux_1_1_x86_64.whl", hash = "sha256:5b7a4ce8f862fe32b2a10b57752cf3169f5fe2915acfe7e6a1e155db3da99e79"},
    {file = "grpcio-1.57.0-cp38-cp38-win32.whl", hash = "sha256:9338bacf172e942e62e5889b6364e56657fbf8ac68062e8b25c48843e7b202bb"},
    {file = "grpcio-1.57.0-cp38-cp38-win_amd64.whl", hash = "sha256:e1cb52fa2d67d7f7fab310b600f22ce1ff04d562d46e9e0ac3e3403c2bb4cc16"},
    {file = "grpcio-1.57.0-cp39-cp39-linux_armv7l.whl", hash = "sha256:fee387d2fab144e8a34e0e9c5ca0f45c9376b99de45628265cfa9886b1dbe62b"},
    {file = "grpcio-1.57.0-cp39-cp39-macosx_10_10_universal2.whl", hash = "sha256:b53333627283e7241fcc217323f225c37783b5f0472316edcaa4479a213abfa6"},
    {file = "grpcio-1.57.0-cp39-cp39-manylinux_2_17_aarch64.whl", hash = "sha256:f19ac6ac0a256cf77d3cc926ef0b4e64a9725cc612f97228cd5dc4bd9dbab03b"},
    {file = "grpcio-1.57.0-cp39-cp39-manylinux_2_17_i686.manylinux2014_i686.whl", hash = "sha256:e3fdf04e402f12e1de8074458549337febb3b45f21076cc02ef4ff786aff687e"},
    {file = "grpcio-1.57.0-cp39-cp39-manylinux_2_17_x86_64.manylinux2014_x86_64.whl", hash = "sha256:5613a2fecc82f95d6c51d15b9a72705553aa0d7c932fad7aed7afb51dc982ee5"},
    {file = "grpcio-1.57.0-cp39-cp39-musllinux_1_1_i686.whl", hash = "sha256:b670c2faa92124b7397b42303e4d8eb64a4cd0b7a77e35a9e865a55d61c57ef9"},
    {file = "grpcio-1.57.0-cp39-cp39-musllinux_1_1_x86_64.whl", hash = "sha256:7a635589201b18510ff988161b7b573f50c6a48fae9cb567657920ca82022b37"},
    {file = "grpcio-1.57.0-cp39-cp39-win32.whl", hash = "sha256:d78d8b86fcdfa1e4c21f8896614b6cc7ee01a2a758ec0c4382d662f2a62cf766"},
    {file = "grpcio-1.57.0-cp39-cp39-win_amd64.whl", hash = "sha256:20ec6fc4ad47d1b6e12deec5045ec3cd5402d9a1597f738263e98f490fe07056"},
    {file = "grpcio-1.57.0.tar.gz", hash = "sha256:4b089f7ad1eb00a104078bab8015b0ed0ebcb3b589e527ab009c53893fd4e613"},
]

[package.extras]
protobuf = ["grpcio-tools (>=1.57.0)"]

[[package]]
name = "grpcio-tools"
version = "1.57.0"
description = "Protobuf code generator for gRPC"
category = "dev"
optional = false
python-versions = ">=3.7"
files = [
    {file = "grpcio-tools-1.57.0.tar.gz", hash = "sha256:2f16130d869ce27ecd623194547b649dd657333ec7e8644cc571c645781a9b85"},
    {file = "grpcio_tools-1.57.0-cp310-cp310-linux_armv7l.whl", hash = "sha256:4fb8a8468031f858381a576078924af364a08833d8f8f3237018252c4573a802"},
    {file = "grpcio_tools-1.57.0-cp310-cp310-macosx_12_0_universal2.whl", hash = "sha256:35bf0dad8a3562043345236c26d0053a856fb06c04d7da652f2ded914e508ae7"},
    {file = "grpcio_tools-1.57.0-cp310-cp310-manylinux_2_17_aarch64.whl", hash = "sha256:ec9aab2fb6783c7fc54bc28f58eb75f1ca77594e6b0fd5e5e7a8114a95169fe0"},
    {file = "grpcio_tools-1.57.0-cp310-cp310-manylinux_2_17_i686.manylinux2014_i686.whl", hash = "sha256:0cf5fc0a1c23f8ea34b408b72fb0e90eec0f404ad4dba98e8f6da3c9ce34e2ed"},
    {file = "grpcio_tools-1.57.0-cp310-cp310-manylinux_2_17_x86_64.manylinux2014_x86_64.whl", hash = "sha256:26e69d08a515554e0cfe1ec4d31568836f4b17f0ff82294f957f629388629eb9"},
    {file = "grpcio_tools-1.57.0-cp310-cp310-musllinux_1_1_i686.whl", hash = "sha256:c39a3656576b6fdaaf28abe0467f7a7231df4230c1bee132322dbc3209419e7f"},
    {file = "grpcio_tools-1.57.0-cp310-cp310-musllinux_1_1_x86_64.whl", hash = "sha256:f64f8ab22d27d4a5693310748d35a696061c3b5c7b8c4fb4ab3b4bc1068b6b56"},
    {file = "grpcio_tools-1.57.0-cp310-cp310-win32.whl", hash = "sha256:d2a134756f4db34759a5cc7f7e43f7eb87540b68d1cca62925593c6fb93924f7"},
    {file = "grpcio_tools-1.57.0-cp310-cp310-win_amd64.whl", hash = "sha256:9a3d60fb8d46ede26c1907c146561b3a9caa20a7aff961bc661ef8226f85a2e9"},
    {file = "grpcio_tools-1.57.0-cp311-cp311-linux_armv7l.whl", hash = "sha256:aac98ecad8f7bd4301855669d42a5d97ef7bb34bec2b1e74c7a0641d47e313cf"},
    {file = "grpcio_tools-1.57.0-cp311-cp311-macosx_10_10_universal2.whl", hash = "sha256:cdd020cb68b51462983b7c2dfbc3eb6ede032b8bf438d4554df0c3f08ce35c76"},
    {file = "grpcio_tools-1.57.0-cp311-cp311-manylinux_2_17_aarch64.whl", hash = "sha256:f54081b08419a39221cd646363b5708857c696b3ad4784f1dcf310891e33a5f7"},
    {file = "grpcio_tools-1.57.0-cp311-cp311-manylinux_2_17_i686.manylinux2014_i686.whl", hash = "sha256:ed85a0291fff45b67f2557fe7f117d3bc7af8b54b8619d27bf374b5c8b7e3ca2"},
    {file = "grpcio_tools-1.57.0-cp311-cp311-manylinux_2_17_x86_64.manylinux2014_x86_64.whl", hash = "sha256:e868cd6feb3ef07d4b35be104fe1fd0657db05259ff8f8ec5e08f4f89ca1191d"},
    {file = "grpcio_tools-1.57.0-cp311-cp311-musllinux_1_1_i686.whl", hash = "sha256:dfb6f6120587b8e228a3cae5ee4985b5bdc18501bad05c49df61965dfc9d70a9"},
    {file = "grpcio_tools-1.57.0-cp311-cp311-musllinux_1_1_x86_64.whl", hash = "sha256:4a7ad7f328e28fc97c356d0f10fb10d8b5151bb65aa7cf14bf8084513f0b7306"},
    {file = "grpcio_tools-1.57.0-cp311-cp311-win32.whl", hash = "sha256:9867f2817b1a0c93c523f89ac6c9d8625548af4620a7ce438bf5a76e23327284"},
    {file = "grpcio_tools-1.57.0-cp311-cp311-win_amd64.whl", hash = "sha256:1f9e917a9f18087f6c14b4d4508fb94fca5c2f96852363a89232fb9b2124ac1f"},
    {file = "grpcio_tools-1.57.0-cp37-cp37m-linux_armv7l.whl", hash = "sha256:9f2aefa8a37bd2c4db1a3f1aca11377e2766214520fb70e67071f4ff8d8b0fa5"},
    {file = "grpcio_tools-1.57.0-cp37-cp37m-macosx_10_10_universal2.whl", hash = "sha256:850cbda0ec5d24c39e7215ede410276040692ca45d105fbbeada407fa03f0ac0"},
    {file = "grpcio_tools-1.57.0-cp37-cp37m-manylinux_2_17_aarch64.whl", hash = "sha256:6fa52972c9647876ea35f6dc2b51002a74ed900ec7894586cbb2fe76f64f99de"},
    {file = "grpcio_tools-1.57.0-cp37-cp37m-manylinux_2_17_i686.manylinux2014_i686.whl", hash = "sha256:76c0eea89d7542719594e50e2283f51a072978b953e8b3e9fd7c59a2c762d4c1"},
    {file = "grpcio_tools-1.57.0-cp37-cp37m-manylinux_2_17_x86_64.manylinux2014_x86_64.whl", hash = "sha256:f3da5240211252fc70a6451fe00c143e2ab2f7bfc2445695ad2ed056b8e48d96"},
    {file = "grpcio_tools-1.57.0-cp37-cp37m-musllinux_1_1_i686.whl", hash = "sha256:a0256f8786ac9e4db618a1aa492bb3472569a0946fd3ee862ffe23196323da55"},
    {file = "grpcio_tools-1.57.0-cp37-cp37m-musllinux_1_1_x86_64.whl", hash = "sha256:c026bdf5c1366ce88b7bbe2d8207374d675afd3fd911f60752103de3da4a41d2"},
    {file = "grpcio_tools-1.57.0-cp37-cp37m-win_amd64.whl", hash = "sha256:9053c2f655589545be08b9d6a673e92970173a4bf11a4b9f18cd6e9af626b587"},
    {file = "grpcio_tools-1.57.0-cp38-cp38-linux_armv7l.whl", hash = "sha256:81ec4dbb696e095057b2528d11a8da04be6bbe2b967fa07d4ea9ba6354338cbf"},
    {file = "grpcio_tools-1.57.0-cp38-cp38-macosx_10_10_universal2.whl", hash = "sha256:495e2946406963e0b9f063f76d5af0f2a19517dac2b367b5b044432ac9194296"},
    {file = "grpcio_tools-1.57.0-cp38-cp38-manylinux_2_17_aarch64.whl", hash = "sha256:7b46fc6aa8eb7edd18cafcd21fd98703cb6c09e46b507de335fca7f0161dfccb"},
    {file = "grpcio_tools-1.57.0-cp38-cp38-manylinux_2_17_i686.manylinux2014_i686.whl", hash = "sha256:fb81ff861692111fa81bd85f64584e624cb4013bd66fbce8a209b8893f5ce398"},
    {file = "grpcio_tools-1.57.0-cp38-cp38-manylinux_2_17_x86_64.manylinux2014_x86_64.whl", hash = "sha256:8a42dc220eb5305f470855c9284f4c8e85ae59d6d742cd07946b0cbe5e9ca186"},
    {file = "grpcio_tools-1.57.0-cp38-cp38-musllinux_1_1_i686.whl", hash = "sha256:90d10d9038ba46a595a223a34f136c9230e3d6d7abc2433dbf0e1c31939d3a8b"},
    {file = "grpcio_tools-1.57.0-cp38-cp38-musllinux_1_1_x86_64.whl", hash = "sha256:5bc3e6d338aefb052e19cedabe00452be46d0c10a4ed29ee77abb00402e438fe"},
    {file = "grpcio_tools-1.57.0-cp38-cp38-win32.whl", hash = "sha256:34b36217b17b5bea674a414229913e1fd80ede328be51e1b531fcc62abd393b0"},
    {file = "grpcio_tools-1.57.0-cp38-cp38-win_amd64.whl", hash = "sha256:dbde4004a0688400036342ff73e3706e8940483e2871547b1354d59e93a38277"},
    {file = "grpcio_tools-1.57.0-cp39-cp39-linux_armv7l.whl", hash = "sha256:784574709b9690dc28696617ea69352e2132352fdfc9bc89afa8e39f99ae538e"},
    {file = "grpcio_tools-1.57.0-cp39-cp39-macosx_10_10_universal2.whl", hash = "sha256:85ac4e62eb44428cde025fd9ab7554002315fc7880f791c553fc5a0015cc9931"},
    {file = "grpcio_tools-1.57.0-cp39-cp39-manylinux_2_17_aarch64.whl", hash = "sha256:dc771d4db5701f280957bbcee91745e0686d00ed1c6aa7e05ba30a58b02d70a1"},
    {file = "grpcio_tools-1.57.0-cp39-cp39-manylinux_2_17_i686.manylinux2014_i686.whl", hash = "sha256:f3ac06703c412f8167a9062eaf6099409967e33bf98fa5b02be4b4689b6bdf39"},
    {file = "grpcio_tools-1.57.0-cp39-cp39-manylinux_2_17_x86_64.manylinux2014_x86_64.whl", hash = "sha256:02d78c034109f46032c7217260066d49d41e6bcaf588fa28fa40fe2f83445347"},
    {file = "grpcio_tools-1.57.0-cp39-cp39-musllinux_1_1_i686.whl", hash = "sha256:2db25f15ed44327f2e02d0c4fe741ac966f9500e407047d8a7c7fccf2df65616"},
    {file = "grpcio_tools-1.57.0-cp39-cp39-musllinux_1_1_x86_64.whl", hash = "sha256:2b417c97936d94874a3ce7ed8deab910f2233e3612134507cfee4af8735c38a6"},
    {file = "grpcio_tools-1.57.0-cp39-cp39-win32.whl", hash = "sha256:f717cce5093e6b6049d9ea6d12fdf3658efdb1a80772f7737db1f8510b876df6"},
    {file = "grpcio_tools-1.57.0-cp39-cp39-win_amd64.whl", hash = "sha256:1c0e8a1a32973a5d59fbcc19232f925e5c48116e9411f788033a31c5ca5130b4"},
]

[package.dependencies]
grpcio = ">=1.57.0"
protobuf = ">=4.21.6,<5.0dev"
setuptools = "*"

[[package]]
name = "grpclib"
version = "0.4.5"
description = "Pure-Python gRPC implementation for asyncio"
category = "main"
optional = false
python-versions = ">=3.7"
files = [
    {file = "grpclib-0.4.5.tar.gz", hash = "sha256:bf83ed55aca59497e168761d9555056efc54a8f865316c3b39becd007e9f9a73"},
]

[package.dependencies]
h2 = ">=3.1.0,<5"
multidict = "*"

[package.extras]
protobuf = ["protobuf (>=3.15.0)"]

[[package]]
name = "h2"
version = "4.1.0"
description = "HTTP/2 State-Machine based protocol implementation"
category = "main"
optional = false
python-versions = ">=3.6.1"
files = [
    {file = "h2-4.1.0-py3-none-any.whl", hash = "sha256:03a46bcf682256c95b5fd9e9a99c1323584c3eec6440d379b9903d709476bc6d"},
    {file = "h2-4.1.0.tar.gz", hash = "sha256:a83aca08fbe7aacb79fec788c9c0bac936343560ed9ec18b82a13a12c28d2abb"},
]

[package.dependencies]
hpack = ">=4.0,<5"
hyperframe = ">=6.0,<7"

[[package]]
name = "hpack"
version = "4.0.0"
description = "Pure-Python HPACK header compression"
category = "main"
optional = false
python-versions = ">=3.6.1"
files = [
    {file = "hpack-4.0.0-py3-none-any.whl", hash = "sha256:84a076fad3dc9a9f8063ccb8041ef100867b1878b25ef0ee63847a5d53818a6c"},
    {file = "hpack-4.0.0.tar.gz", hash = "sha256:fc41de0c63e687ebffde81187a948221294896f6bdc0ae2312708df339430095"},
]

[[package]]
name = "hyperframe"
version = "6.0.1"
description = "HTTP/2 framing layer for Python"
category = "main"
optional = false
python-versions = ">=3.6.1"
files = [
    {file = "hyperframe-6.0.1-py3-none-any.whl", hash = "sha256:0ec6bafd80d8ad2195c4f03aacba3a8265e57bc4cff261e802bf39970ed02a15"},
    {file = "hyperframe-6.0.1.tar.gz", hash = "sha256:ae510046231dc8e9ecb1a6586f63d2347bf4c8905914aa84ba585ae85f28a914"},
]

[[package]]
name = "isort"
version = "5.12.0"
description = "A Python utility / library to sort Python imports."
category = "dev"
optional = false
python-versions = ">=3.8.0"
files = [
    {file = "isort-5.12.0-py3-none-any.whl", hash = "sha256:f84c2818376e66cf843d497486ea8fed8700b340f308f076c6fb1229dff318b6"},
    {file = "isort-5.12.0.tar.gz", hash = "sha256:8bef7dde241278824a6d83f44a544709b065191b95b6e50894bdc722fcba0504"},
]

[package.extras]
colors = ["colorama (>=0.4.3)"]
pipfile-deprecated-finder = ["pip-shims (>=0.5.2)", "pipreqs", "requirementslib"]
plugins = ["setuptools"]
requirements-deprecated-finder = ["pip-api", "pipreqs"]

[[package]]
name = "multidict"
version = "6.0.4"
description = "multidict implementation"
category = "main"
optional = false
python-versions = ">=3.7"
files = [
    {file = "multidict-6.0.4-cp310-cp310-macosx_10_9_universal2.whl", hash = "sha256:0b1a97283e0c85772d613878028fec909f003993e1007eafa715b24b377cb9b8"},
    {file = "multidict-6.0.4-cp310-cp310-macosx_10_9_x86_64.whl", hash = "sha256:eeb6dcc05e911516ae3d1f207d4b0520d07f54484c49dfc294d6e7d63b734171"},
    {file = "multidict-6.0.4-cp310-cp310-macosx_11_0_arm64.whl", hash = "sha256:d6d635d5209b82a3492508cf5b365f3446afb65ae7ebd755e70e18f287b0adf7"},
    {file = "multidict-6.0.4-cp310-cp310-manylinux_2_17_aarch64.manylinux2014_aarch64.whl", hash = "sha256:c048099e4c9e9d615545e2001d3d8a4380bd403e1a0578734e0d31703d1b0c0b"},
    {file = "multidict-6.0.4-cp310-cp310-manylinux_2_17_ppc64le.manylinux2014_ppc64le.whl", hash = "sha256:ea20853c6dbbb53ed34cb4d080382169b6f4554d394015f1bef35e881bf83547"},
    {file = "multidict-6.0.4-cp310-cp310-manylinux_2_17_s390x.manylinux2014_s390x.whl", hash = "sha256:16d232d4e5396c2efbbf4f6d4df89bfa905eb0d4dc5b3549d872ab898451f569"},
    {file = "multidict-6.0.4-cp310-cp310-manylinux_2_17_x86_64.manylinux2014_x86_64.whl", hash = "sha256:36c63aaa167f6c6b04ef2c85704e93af16c11d20de1d133e39de6a0e84582a93"},
    {file = "multidict-6.0.4-cp310-cp310-manylinux_2_5_i686.manylinux1_i686.manylinux_2_17_i686.manylinux2014_i686.whl", hash = "sha256:64bdf1086b6043bf519869678f5f2757f473dee970d7abf6da91ec00acb9cb98"},
    {file = "multidict-6.0.4-cp310-cp310-musllinux_1_1_aarch64.whl", hash = "sha256:43644e38f42e3af682690876cff722d301ac585c5b9e1eacc013b7a3f7b696a0"},
    {file = "multidict-6.0.4-cp310-cp310-musllinux_1_1_i686.whl", hash = "sha256:7582a1d1030e15422262de9f58711774e02fa80df0d1578995c76214f6954988"},
    {file = "multidict-6.0.4-cp310-cp310-musllinux_1_1_ppc64le.whl", hash = "sha256:ddff9c4e225a63a5afab9dd15590432c22e8057e1a9a13d28ed128ecf047bbdc"},
    {file = "multidict-6.0.4-cp310-cp310-musllinux_1_1_s390x.whl", hash = "sha256:ee2a1ece51b9b9e7752e742cfb661d2a29e7bcdba2d27e66e28a99f1890e4fa0"},
    {file = "multidict-6.0.4-cp310-cp310-musllinux_1_1_x86_64.whl", hash = "sha256:a2e4369eb3d47d2034032a26c7a80fcb21a2cb22e1173d761a162f11e562caa5"},
    {file = "multidict-6.0.4-cp310-cp310-win32.whl", hash = "sha256:574b7eae1ab267e5f8285f0fe881f17efe4b98c39a40858247720935b893bba8"},
    {file = "multidict-6.0.4-cp310-cp310-win_amd64.whl", hash = "sha256:4dcbb0906e38440fa3e325df2359ac6cb043df8e58c965bb45f4e406ecb162cc"},
    {file = "multidict-6.0.4-cp311-cp311-macosx_10_9_universal2.whl", hash = "sha256:0dfad7a5a1e39c53ed00d2dd0c2e36aed4650936dc18fd9a1826a5ae1cad6f03"},
    {file = "multidict-6.0.4-cp311-cp311-macosx_10_9_x86_64.whl", hash = "sha256:64da238a09d6039e3bd39bb3aee9c21a5e34f28bfa5aa22518581f910ff94af3"},
    {file = "multidict-6.0.4-cp311-cp311-macosx_11_0_arm64.whl", hash = "sha256:ff959bee35038c4624250473988b24f846cbeb2c6639de3602c073f10410ceba"},
    {file = "multidict-6.0.4-cp311-cp311-manylinux_2_17_aarch64.manylinux2014_aarch64.whl", hash = "sha256:01a3a55bd90018c9c080fbb0b9f4891db37d148a0a18722b42f94694f8b6d4c9"},
    {file = "multidict-6.0.4-cp311-cp311-manylinux_2_17_ppc64le.manylinux2014_ppc64le.whl", hash = "sha256:c5cb09abb18c1ea940fb99360ea0396f34d46566f157122c92dfa069d3e0e982"},
    {file = "multidict-6.0.4-cp311-cp311-manylinux_2_17_s390x.manylinux2014_s390x.whl", hash = "sha256:666daae833559deb2d609afa4490b85830ab0dfca811a98b70a205621a6109fe"},
    {file = "multidict-6.0.4-cp311-cp311-manylinux_2_17_x86_64.manylinux2014_x86_64.whl", hash = "sha256:11bdf3f5e1518b24530b8241529d2050014c884cf18b6fc69c0c2b30ca248710"},
    {file = "multidict-6.0.4-cp311-cp311-manylinux_2_5_i686.manylinux1_i686.manylinux_2_17_i686.manylinux2014_i686.whl", hash = "sha256:7d18748f2d30f94f498e852c67d61261c643b349b9d2a581131725595c45ec6c"},
    {file = "multidict-6.0.4-cp311-cp311-musllinux_1_1_aarch64.whl", hash = "sha256:458f37be2d9e4c95e2d8866a851663cbc76e865b78395090786f6cd9b3bbf4f4"},
    {file = "multidict-6.0.4-cp311-cp311-musllinux_1_1_i686.whl", hash = "sha256:b1a2eeedcead3a41694130495593a559a668f382eee0727352b9a41e1c45759a"},
    {file = "multidict-6.0.4-cp311-cp311-musllinux_1_1_ppc64le.whl", hash = "sha256:7d6ae9d593ef8641544d6263c7fa6408cc90370c8cb2bbb65f8d43e5b0351d9c"},
    {file = "multidict-6.0.4-cp311-cp311-musllinux_1_1_s390x.whl", hash = "sha256:5979b5632c3e3534e42ca6ff856bb24b2e3071b37861c2c727ce220d80eee9ed"},
    {file = "multidict-6.0.4-cp311-cp311-musllinux_1_1_x86_64.whl", hash = "sha256:dcfe792765fab89c365123c81046ad4103fcabbc4f56d1c1997e6715e8015461"},
    {file = "multidict-6.0.4-cp311-cp311-win32.whl", hash = "sha256:3601a3cece3819534b11d4efc1eb76047488fddd0c85a3948099d5da4d504636"},
    {file = "multidict-6.0.4-cp311-cp311-win_amd64.whl", hash = "sha256:81a4f0b34bd92df3da93315c6a59034df95866014ac08535fc819f043bfd51f0"},
    {file = "multidict-6.0.4-cp37-cp37m-macosx_10_9_x86_64.whl", hash = "sha256:67040058f37a2a51ed8ea8f6b0e6ee5bd78ca67f169ce6122f3e2ec80dfe9b78"},
    {file = "multidict-6.0.4-cp37-cp37m-manylinux_2_17_aarch64.manylinux2014_aarch64.whl", hash = "sha256:853888594621e6604c978ce2a0444a1e6e70c8d253ab65ba11657659dcc9100f"},
    {file = "multidict-6.0.4-cp37-cp37m-manylinux_2_17_ppc64le.manylinux2014_ppc64le.whl", hash = "sha256:39ff62e7d0f26c248b15e364517a72932a611a9b75f35b45be078d81bdb86603"},
    {file = "multidict-6.0.4-cp37-cp37m-manylinux_2_17_s390x.manylinux2014_s390x.whl", hash = "sha256:af048912e045a2dc732847d33821a9d84ba553f5c5f028adbd364dd4765092ac"},
    {file = "multidict-6.0.4-cp37-cp37m-manylinux_2_17_x86_64.manylinux2014_x86_64.whl", hash = "sha256:b1e8b901e607795ec06c9e42530788c45ac21ef3aaa11dbd0c69de543bfb79a9"},
    {file = "multidict-6.0.4-cp37-cp37m-manylinux_2_5_i686.manylinux1_i686.manylinux_2_17_i686.manylinux2014_i686.whl", hash = "sha256:62501642008a8b9871ddfccbf83e4222cf8ac0d5aeedf73da36153ef2ec222d2"},
    {file = "multidict-6.0.4-cp37-cp37m-musllinux_1_1_aarch64.whl", hash = "sha256:99b76c052e9f1bc0721f7541e5e8c05db3941eb9ebe7b8553c625ef88d6eefde"},
    {file = "multidict-6.0.4-cp37-cp37m-musllinux_1_1_i686.whl", hash = "sha256:509eac6cf09c794aa27bcacfd4d62c885cce62bef7b2c3e8b2e49d365b5003fe"},
    {file = "multidict-6.0.4-cp37-cp37m-musllinux_1_1_ppc64le.whl", hash = "sha256:21a12c4eb6ddc9952c415f24eef97e3e55ba3af61f67c7bc388dcdec1404a067"},
    {file = "multidict-6.0.4-cp37-cp37m-musllinux_1_1_s390x.whl", hash = "sha256:5cad9430ab3e2e4fa4a2ef4450f548768400a2ac635841bc2a56a2052cdbeb87"},
    {file = "multidict-6.0.4-cp37-cp37m-musllinux_1_1_x86_64.whl", hash = "sha256:ab55edc2e84460694295f401215f4a58597f8f7c9466faec545093045476327d"},
    {file = "multidict-6.0.4-cp37-cp37m-win32.whl", hash = "sha256:5a4dcf02b908c3b8b17a45fb0f15b695bf117a67b76b7ad18b73cf8e92608775"},
    {file = "multidict-6.0.4-cp37-cp37m-win_amd64.whl", hash = "sha256:6ed5f161328b7df384d71b07317f4d8656434e34591f20552c7bcef27b0ab88e"},
    {file = "multidict-6.0.4-cp38-cp38-macosx_10_9_universal2.whl", hash = "sha256:5fc1b16f586f049820c5c5b17bb4ee7583092fa0d1c4e28b5239181ff9532e0c"},
    {file = "multidict-6.0.4-cp38-cp38-macosx_10_9_x86_64.whl", hash = "sha256:1502e24330eb681bdaa3eb70d6358e818e8e8f908a22a1851dfd4e15bc2f8161"},
    {file = "multidict-6.0.4-cp38-cp38-macosx_11_0_arm64.whl", hash = "sha256:b692f419760c0e65d060959df05f2a531945af31fda0c8a3b3195d4efd06de11"},
    {file = "multidict-6.0.4-cp38-cp38-manylinux_2_17_aarch64.manylinux2014_aarch64.whl", hash = "sha256:45e1ecb0379bfaab5eef059f50115b54571acfbe422a14f668fc8c27ba410e7e"},
    {file = "multidict-6.0.4-cp38-cp38-manylinux_2_17_ppc64le.manylinux2014_ppc64le.whl", hash = "sha256:ddd3915998d93fbcd2566ddf9cf62cdb35c9e093075f862935573d265cf8f65d"},
    {file = "multidict-6.0.4-cp38-cp38-manylinux_2_17_s390x.manylinux2014_s390x.whl", hash = "sha256:59d43b61c59d82f2effb39a93c48b845efe23a3852d201ed2d24ba830d0b4cf2"},
    {file = "multidict-6.0.4-cp38-cp38-manylinux_2_17_x86_64.manylinux2014_x86_64.whl", hash = "sha256:cc8e1d0c705233c5dd0c5e6460fbad7827d5d36f310a0fadfd45cc3029762258"},
    {file = "multidict-6.0.4-cp38-cp38-manylinux_2_5_i686.manylinux1_i686.manylinux_2_17_i686.manylinux2014_i686.whl", hash = "sha256:d6aa0418fcc838522256761b3415822626f866758ee0bc6632c9486b179d0b52"},
    {file = "multidict-6.0.4-cp38-cp38-musllinux_1_1_aarch64.whl", hash = "sha256:6748717bb10339c4760c1e63da040f5f29f5ed6e59d76daee30305894069a660"},
    {file = "multidict-6.0.4-cp38-cp38-musllinux_1_1_i686.whl", hash = "sha256:4d1a3d7ef5e96b1c9e92f973e43aa5e5b96c659c9bc3124acbbd81b0b9c8a951"},
    {file = "multidict-6.0.4-cp38-cp38-musllinux_1_1_ppc64le.whl", hash = "sha256:4372381634485bec7e46718edc71528024fcdc6f835baefe517b34a33c731d60"},
    {file = "multidict-6.0.4-cp38-cp38-musllinux_1_1_s390x.whl", hash = "sha256:fc35cb4676846ef752816d5be2193a1e8367b4c1397b74a565a9d0389c433a1d"},
    {file = "multidict-6.0.4-cp38-cp38-musllinux_1_1_x86_64.whl", hash = "sha256:4b9d9e4e2b37daddb5c23ea33a3417901fa7c7b3dee2d855f63ee67a0b21e5b1"},
    {file = "multidict-6.0.4-cp38-cp38-win32.whl", hash = "sha256:e41b7e2b59679edfa309e8db64fdf22399eec4b0b24694e1b2104fb789207779"},
    {file = "multidict-6.0.4-cp38-cp38-win_amd64.whl", hash = "sha256:d6c254ba6e45d8e72739281ebc46ea5eb5f101234f3ce171f0e9f5cc86991480"},
    {file = "multidict-6.0.4-cp39-cp39-macosx_10_9_universal2.whl", hash = "sha256:16ab77bbeb596e14212e7bab8429f24c1579234a3a462105cda4a66904998664"},
    {file = "multidict-6.0.4-cp39-cp39-macosx_10_9_x86_64.whl", hash = "sha256:bc779e9e6f7fda81b3f9aa58e3a6091d49ad528b11ed19f6621408806204ad35"},
    {file = "multidict-6.0.4-cp39-cp39-macosx_11_0_arm64.whl", hash = "sha256:4ceef517eca3e03c1cceb22030a3e39cb399ac86bff4e426d4fc6ae49052cc60"},
    {file = "multidict-6.0.4-cp39-cp39-manylinux_2_17_aarch64.manylinux2014_aarch64.whl", hash = "sha256:281af09f488903fde97923c7744bb001a9b23b039a909460d0f14edc7bf59706"},
    {file = "multidict-6.0.4-cp39-cp39-manylinux_2_17_ppc64le.manylinux2014_ppc64le.whl", hash = "sha256:52f2dffc8acaba9a2f27174c41c9e57f60b907bb9f096b36b1a1f3be71c6284d"},
    {file = "multidict-6.0.4-cp39-cp39-manylinux_2_17_s390x.manylinux2014_s390x.whl", hash = "sha256:b41156839806aecb3641f3208c0dafd3ac7775b9c4c422d82ee2a45c34ba81ca"},
    {file = "multidict-6.0.4-cp39-cp39-manylinux_2_17_x86_64.manylinux2014_x86_64.whl", hash = "sha256:d5e3fc56f88cc98ef8139255cf8cd63eb2c586531e43310ff859d6bb3a6b51f1"},
    {file = "multidict-6.0.4-cp39-cp39-manylinux_2_5_i686.manylinux1_i686.manylinux_2_17_i686.manylinux2014_i686.whl", hash = "sha256:8316a77808c501004802f9beebde51c9f857054a0c871bd6da8280e718444449"},
    {file = "multidict-6.0.4-cp39-cp39-musllinux_1_1_aarch64.whl", hash = "sha256:f70b98cd94886b49d91170ef23ec5c0e8ebb6f242d734ed7ed677b24d50c82cf"},
    {file = "multidict-6.0.4-cp39-cp39-musllinux_1_1_i686.whl", hash = "sha256:bf6774e60d67a9efe02b3616fee22441d86fab4c6d335f9d2051d19d90a40063"},
    {file = "multidict-6.0.4-cp39-cp39-musllinux_1_1_ppc64le.whl", hash = "sha256:e69924bfcdda39b722ef4d9aa762b2dd38e4632b3641b1d9a57ca9cd18f2f83a"},
    {file = "multidict-6.0.4-cp39-cp39-musllinux_1_1_s390x.whl", hash = "sha256:6b181d8c23da913d4ff585afd1155a0e1194c0b50c54fcfe286f70cdaf2b7176"},
    {file = "multidict-6.0.4-cp39-cp39-musllinux_1_1_x86_64.whl", hash = "sha256:52509b5be062d9eafc8170e53026fbc54cf3b32759a23d07fd935fb04fc22d95"},
    {file = "multidict-6.0.4-cp39-cp39-win32.whl", hash = "sha256:27c523fbfbdfd19c6867af7346332b62b586eed663887392cff78d614f9ec313"},
    {file = "multidict-6.0.4-cp39-cp39-win_amd64.whl", hash = "sha256:33029f5734336aa0d4c0384525da0387ef89148dc7191aae00ca5fb23d7aafc2"},
    {file = "multidict-6.0.4.tar.gz", hash = "sha256:3666906492efb76453c0e7b97f2cf459b0682e7402c0489a95484965dbc1da49"},
]

[[package]]
name = "mypy-extensions"
version = "1.0.0"
description = "Type system extensions for programs checked with the mypy type checker."
category = "dev"
optional = false
python-versions = ">=3.5"
files = [
    {file = "mypy_extensions-1.0.0-py3-none-any.whl", hash = "sha256:4392f6c0eb8a5668a69e23d168ffa70f0be9ccfd32b5cc2d26a34ae5b844552d"},
    {file = "mypy_extensions-1.0.0.tar.gz", hash = "sha256:75dbf8955dc00442a438fc4d0666508a9a97b6bd41aa2f0ffe9d2f2725af0782"},
]

[[package]]
name = "packaging"
version = "23.1"
description = "Core utilities for Python packages"
category = "dev"
optional = false
python-versions = ">=3.7"
files = [
    {file = "packaging-23.1-py3-none-any.whl", hash = "sha256:994793af429502c4ea2ebf6bf664629d07c1a9fe974af92966e4b8d2df7edc61"},
    {file = "packaging-23.1.tar.gz", hash = "sha256:a392980d2b6cffa644431898be54b0045151319d1e7ec34f0cfed48767dd334f"},
]

[[package]]
name = "pastel"
version = "0.2.1"
description = "Bring colors to your terminal."
category = "dev"
optional = false
python-versions = ">=2.7, !=3.0.*, !=3.1.*, !=3.2.*, !=3.3.*"
files = [
    {file = "pastel-0.2.1-py2.py3-none-any.whl", hash = "sha256:4349225fcdf6c2bb34d483e523475de5bb04a5c10ef711263452cb37d7dd4364"},
    {file = "pastel-0.2.1.tar.gz", hash = "sha256:e6581ac04e973cac858828c6202c1e1e81fee1dc7de7683f3e1ffe0bfd8a573d"},
]

[[package]]
name = "pathspec"
version = "0.11.2"
description = "Utility library for gitignore style pattern matching of file paths."
category = "dev"
optional = false
python-versions = ">=3.7"
files = [
    {file = "pathspec-0.11.2-py3-none-any.whl", hash = "sha256:1d6ed233af05e679efb96b1851550ea95bbb64b7c490b0f5aa52996c11e92a20"},
    {file = "pathspec-0.11.2.tar.gz", hash = "sha256:e0d8d0ac2f12da61956eb2306b69f9469b42f4deb0f3cb6ed47b9cce9996ced3"},
]

[[package]]
name = "platformdirs"
version = "3.10.0"
description = "A small Python package for determining appropriate platform-specific dirs, e.g. a \"user data dir\"."
category = "dev"
optional = false
python-versions = ">=3.7"
files = [
    {file = "platformdirs-3.10.0-py3-none-any.whl", hash = "sha256:d7c24979f292f916dc9cbf8648319032f551ea8c49a4c9bf2fb556a02070ec1d"},
    {file = "platformdirs-3.10.0.tar.gz", hash = "sha256:b45696dab2d7cc691a3226759c0d3b00c47c8b6e293d96f6436f733303f77f6d"},
]

[package.extras]
docs = ["furo (>=2023.7.26)", "proselint (>=0.13)", "sphinx (>=7.1.1)", "sphinx-autodoc-typehints (>=1.24)"]
test = ["appdirs (==1.4.4)", "covdefaults (>=2.3)", "pytest (>=7.4)", "pytest-cov (>=4.1)", "pytest-mock (>=3.11.1)"]

[[package]]
name = "poethepoet"
version = "0.22.0"
description = "A task runner that works well with poetry."
category = "dev"
optional = false
python-versions = ">=3.8"
files = [
    {file = "poethepoet-0.22.0-py3-none-any.whl", hash = "sha256:f654e52c19b7c689d5293ab6a065787b21f125884c0b367650292df4f3cb508c"},
    {file = "poethepoet-0.22.0.tar.gz", hash = "sha256:659d7678fd8b349bd40941e3de7d6d386171dab3e7c8babcdcd8ead288c9ea47"},
]

[package.dependencies]
pastel = ">=0.2.1,<0.3.0"
tomli = ">=1.2.2"

[package.extras]
poetry-plugin = ["poetry (>=1.0,<2.0)"]

[[package]]
name = "protobuf"
version = "4.24.2"
description = ""
category = "main"
optional = false
python-versions = ">=3.7"
files = [
    {file = "protobuf-4.24.2-cp310-abi3-win32.whl", hash = "sha256:58e12d2c1aa428ece2281cef09bbaa6938b083bcda606db3da4e02e991a0d924"},
    {file = "protobuf-4.24.2-cp310-abi3-win_amd64.whl", hash = "sha256:77700b55ba41144fc64828e02afb41901b42497b8217b558e4a001f18a85f2e3"},
    {file = "protobuf-4.24.2-cp37-abi3-macosx_10_9_universal2.whl", hash = "sha256:237b9a50bd3b7307d0d834c1b0eb1a6cd47d3f4c2da840802cd03ea288ae8880"},
    {file = "protobuf-4.24.2-cp37-abi3-manylinux2014_aarch64.whl", hash = "sha256:25ae91d21e3ce8d874211110c2f7edd6384816fb44e06b2867afe35139e1fd1c"},
    {file = "protobuf-4.24.2-cp37-abi3-manylinux2014_x86_64.whl", hash = "sha256:c00c3c7eb9ad3833806e21e86dca448f46035242a680f81c3fe068ff65e79c74"},
    {file = "protobuf-4.24.2-cp37-cp37m-win32.whl", hash = "sha256:4e69965e7e54de4db989289a9b971a099e626f6167a9351e9d112221fc691bc1"},
    {file = "protobuf-4.24.2-cp37-cp37m-win_amd64.whl", hash = "sha256:c5cdd486af081bf752225b26809d2d0a85e575b80a84cde5172a05bbb1990099"},
    {file = "protobuf-4.24.2-cp38-cp38-win32.whl", hash = "sha256:6bd26c1fa9038b26c5c044ee77e0ecb18463e957fefbaeb81a3feb419313a54e"},
    {file = "protobuf-4.24.2-cp38-cp38-win_amd64.whl", hash = "sha256:bb7aa97c252279da65584af0456f802bd4b2de429eb945bbc9b3d61a42a8cd16"},
    {file = "protobuf-4.24.2-cp39-cp39-win32.whl", hash = "sha256:2b23bd6e06445699b12f525f3e92a916f2dcf45ffba441026357dea7fa46f42b"},
    {file = "protobuf-4.24.2-cp39-cp39-win_amd64.whl", hash = "sha256:839952e759fc40b5d46be319a265cf94920174d88de31657d5622b5d8d6be5cd"},
    {file = "protobuf-4.24.2-py3-none-any.whl", hash = "sha256:3b7b170d3491ceed33f723bbf2d5a260f8a4e23843799a3906f16ef736ef251e"},
    {file = "protobuf-4.24.2.tar.gz", hash = "sha256:7fda70797ddec31ddfa3576cbdcc3ddbb6b3078b737a1a87ab9136af0570cd6e"},
]

[[package]]
name = "setuptools"
version = "68.1.2"
description = "Easily download, build, install, upgrade, and uninstall Python packages"
category = "dev"
optional = false
python-versions = ">=3.8"
files = [
    {file = "setuptools-68.1.2-py3-none-any.whl", hash = "sha256:3d8083eed2d13afc9426f227b24fd1659489ec107c0e86cec2ffdde5c92e790b"},
    {file = "setuptools-68.1.2.tar.gz", hash = "sha256:3d4dfa6d95f1b101d695a6160a7626e15583af71a5f52176efa5d39a054d475d"},
]

[package.extras]
docs = ["furo", "jaraco.packaging (>=9.3)", "jaraco.tidelift (>=1.4)", "pygments-github-lexers (==0.0.5)", "rst.linker (>=1.9)", "sphinx (>=3.5,<=7.1.2)", "sphinx-favicon", "sphinx-hoverxref (<2)", "sphinx-inline-tabs", "sphinx-lint", "sphinx-notfound-page (==0.8.3)", "sphinx-reredirects", "sphinxcontrib-towncrier"]
testing = ["build[virtualenv]", "filelock (>=3.4.0)", "flake8-2020", "ini2toml[lite] (>=0.9)", "jaraco.develop (>=7.21)", "jaraco.envs (>=2.2)", "jaraco.path (>=3.2.0)", "pip (>=19.1)", "pytest (>=6)", "pytest-black (>=0.3.7)", "pytest-checkdocs (>=2.4)", "pytest-cov", "pytest-enabler (>=2.2)", "pytest-mypy (>=0.9.1)", "pytest-perf", "pytest-ruff", "pytest-timeout", "pytest-xdist", "tomli-w (>=1.0.0)", "virtualenv (>=13.0.0)", "wheel"]
testing-integration = ["build[virtualenv]", "filelock (>=3.4.0)", "jaraco.envs (>=2.2)", "jaraco.path (>=3.2.0)", "pytest", "pytest-enabler", "pytest-xdist", "tomli", "virtualenv (>=13.0.0)", "wheel"]

[[package]]
name = "tomli"
version = "2.0.1"
description = "A lil' TOML parser"
category = "dev"
optional = false
python-versions = ">=3.7"
files = [
    {file = "tomli-2.0.1-py3-none-any.whl", hash = "sha256:939de3e7a6161af0c887ef91b7d41a53e7c5a1ca976325f429cb46ea9bc30ecc"},
    {file = "tomli-2.0.1.tar.gz", hash = "sha256:de526c12914f0c550d15924c62d72abc48d6fe7364aa87328337a31007fe8a4f"},
]

[metadata]
lock-version = "2.0"
python-versions = "^3.11"
content-hash = "10972b98673806fdfa45f9143423bf37923ed4c296ae8f0be0daeb27895a6a73"
